// !$*UTF8*$!
{
	archiveVersion = 1;
	classes = {
	};
	objectVersion = 50;
	objects = {

/* Begin PBXBuildFile section */
		B177A7032607326100581013 /* CreateRecipeIngredientsListTableViewController.swift in Sources */ = {isa = PBXBuildFile; fileRef = B177A7022607326100581013 /* CreateRecipeIngredientsListTableViewController.swift */; };
		B17CF30926016D50002F934C /* AppDelegate.swift in Sources */ = {isa = PBXBuildFile; fileRef = B17CF30826016D50002F934C /* AppDelegate.swift */; };
		B17CF30B26016D50002F934C /* SceneDelegate.swift in Sources */ = {isa = PBXBuildFile; fileRef = B17CF30A26016D50002F934C /* SceneDelegate.swift */; };
		B17CF31026016D50002F934C /* Main.storyboard in Resources */ = {isa = PBXBuildFile; fileRef = B17CF30E26016D50002F934C /* Main.storyboard */; };
		B17CF31226016D52002F934C /* Assets.xcassets in Resources */ = {isa = PBXBuildFile; fileRef = B17CF31126016D52002F934C /* Assets.xcassets */; };
		B17CF31526016D52002F934C /* LaunchScreen.storyboard in Resources */ = {isa = PBXBuildFile; fileRef = B17CF31326016D52002F934C /* LaunchScreen.storyboard */; };
		B17CF32726017164002F934C /* UsersTableViewController.swift in Sources */ = {isa = PBXBuildFile; fileRef = B17CF32626017164002F934C /* UsersTableViewController.swift */; };
		B17CF32A26017172002F934C /* RecipesTableViewController.swift in Sources */ = {isa = PBXBuildFile; fileRef = B17CF32926017172002F934C /* RecipesTableViewController.swift */; };
		B17CF32D26017195002F934C /* Recipe.swift in Sources */ = {isa = PBXBuildFile; fileRef = B17CF32C26017195002F934C /* Recipe.swift */; };
		B17CF3302601719E002F934C /* User.swift in Sources */ = {isa = PBXBuildFile; fileRef = B17CF32F2601719E002F934C /* User.swift */; };
		B17CF333260173D6002F934C /* ResourceRequest.swift in Sources */ = {isa = PBXBuildFile; fileRef = B17CF332260173D6002F934C /* ResourceRequest.swift */; };
		B1F459C62601923000D269CC /* ResourceRequestError.swift in Sources */ = {isa = PBXBuildFile; fileRef = B1F459C52601923000D269CC /* ResourceRequestError.swift */; };
		B1F459C9260193E600D269CC /* ErrorPresenter.swift in Sources */ = {isa = PBXBuildFile; fileRef = B1F459C8260193E600D269CC /* ErrorPresenter.swift */; };
		B1F459CC2601A75000D269CC /* RecipeRequest.swift in Sources */ = {isa = PBXBuildFile; fileRef = B1F459CB2601A75000D269CC /* RecipeRequest.swift */; };
		B1F459CF2601A84200D269CC /* CreateRecipeData.swift in Sources */ = {isa = PBXBuildFile; fileRef = B1F459CE2601A84200D269CC /* CreateRecipeData.swift */; };
		B1F459D22601BD9700D269CC /* CreateUserTableViewController.swift in Sources */ = {isa = PBXBuildFile; fileRef = B1F459D12601BD9700D269CC /* CreateUserTableViewController.swift */; };
		B1F459D72601E0FE00D269CC /* CreateRecipeTableViewController.swift in Sources */ = {isa = PBXBuildFile; fileRef = B1F459D62601E0FE00D269CC /* CreateRecipeTableViewController.swift */; };
		B1F459DB2601E77E00D269CC /* SelectUserTableViewController.swift in Sources */ = {isa = PBXBuildFile; fileRef = B1F459DA2601E77E00D269CC /* SelectUserTableViewController.swift */; };
		B1F459DE2601FD4200D269CC /* RecipesDetailTableViewController.swift in Sources */ = {isa = PBXBuildFile; fileRef = B1F459DD2601FD4200D269CC /* RecipesDetailTableViewController.swift */; };
		B1F459E82605C13700D269CC /* ShowRecipeCell.xib in Resources */ = {isa = PBXBuildFile; fileRef = B1F459E72605C13700D269CC /* ShowRecipeCell.xib */; };
		B1F459EB2605C48F00D269CC /* RatingControl.swift in Sources */ = {isa = PBXBuildFile; fileRef = B1F459EA2605C48F00D269CC /* RatingControl.swift */; };
		B1F459F02605DCA000D269CC /* ShowRecipeCell.swift in Sources */ = {isa = PBXBuildFile; fileRef = B1F459EF2605DC9F00D269CC /* ShowRecipeCell.swift */; };
/* End PBXBuildFile section */

/* Begin PBXFileReference section */
		B177A7022607326100581013 /* CreateRecipeIngredientsListTableViewController.swift */ = {isa = PBXFileReference; lastKnownFileType = sourcecode.swift; path = CreateRecipeIngredientsListTableViewController.swift; sourceTree = "<group>"; };
		B17CF30526016D50002F934C /* ShareRecipeiOSApp.app */ = {isa = PBXFileReference; explicitFileType = wrapper.application; includeInIndex = 0; path = ShareRecipeiOSApp.app; sourceTree = BUILT_PRODUCTS_DIR; };
		B17CF30826016D50002F934C /* AppDelegate.swift */ = {isa = PBXFileReference; lastKnownFileType = sourcecode.swift; path = AppDelegate.swift; sourceTree = "<group>"; };
		B17CF30A26016D50002F934C /* SceneDelegate.swift */ = {isa = PBXFileReference; lastKnownFileType = sourcecode.swift; path = SceneDelegate.swift; sourceTree = "<group>"; };
		B17CF30F26016D50002F934C /* Base */ = {isa = PBXFileReference; lastKnownFileType = file.storyboard; name = Base; path = Base.lproj/Main.storyboard; sourceTree = "<group>"; };
		B17CF31126016D52002F934C /* Assets.xcassets */ = {isa = PBXFileReference; lastKnownFileType = folder.assetcatalog; path = Assets.xcassets; sourceTree = "<group>"; };
		B17CF31426016D52002F934C /* Base */ = {isa = PBXFileReference; lastKnownFileType = file.storyboard; name = Base; path = Base.lproj/LaunchScreen.storyboard; sourceTree = "<group>"; };
		B17CF31626016D52002F934C /* Info.plist */ = {isa = PBXFileReference; lastKnownFileType = text.plist.xml; path = Info.plist; sourceTree = "<group>"; };
		B17CF32626017164002F934C /* UsersTableViewController.swift */ = {isa = PBXFileReference; lastKnownFileType = sourcecode.swift; path = UsersTableViewController.swift; sourceTree = "<group>"; };
		B17CF32926017172002F934C /* RecipesTableViewController.swift */ = {isa = PBXFileReference; lastKnownFileType = sourcecode.swift; path = RecipesTableViewController.swift; sourceTree = "<group>"; };
		B17CF32C26017195002F934C /* Recipe.swift */ = {isa = PBXFileReference; lastKnownFileType = sourcecode.swift; path = Recipe.swift; sourceTree = "<group>"; };
		B17CF32F2601719E002F934C /* User.swift */ = {isa = PBXFileReference; lastKnownFileType = sourcecode.swift; path = User.swift; sourceTree = "<group>"; };
		B17CF332260173D6002F934C /* ResourceRequest.swift */ = {isa = PBXFileReference; lastKnownFileType = sourcecode.swift; path = ResourceRequest.swift; sourceTree = "<group>"; };
		B1F459C52601923000D269CC /* ResourceRequestError.swift */ = {isa = PBXFileReference; lastKnownFileType = sourcecode.swift; path = ResourceRequestError.swift; sourceTree = "<group>"; };
		B1F459C8260193E600D269CC /* ErrorPresenter.swift */ = {isa = PBXFileReference; lastKnownFileType = sourcecode.swift; path = ErrorPresenter.swift; sourceTree = "<group>"; };
		B1F459CB2601A75000D269CC /* RecipeRequest.swift */ = {isa = PBXFileReference; lastKnownFileType = sourcecode.swift; path = RecipeRequest.swift; sourceTree = "<group>"; };
		B1F459CE2601A84200D269CC /* CreateRecipeData.swift */ = {isa = PBXFileReference; lastKnownFileType = sourcecode.swift; path = CreateRecipeData.swift; sourceTree = "<group>"; };
		B1F459D12601BD9700D269CC /* CreateUserTableViewController.swift */ = {isa = PBXFileReference; lastKnownFileType = sourcecode.swift; path = CreateUserTableViewController.swift; sourceTree = "<group>"; };
		B1F459D62601E0FE00D269CC /* CreateRecipeTableViewController.swift */ = {isa = PBXFileReference; lastKnownFileType = sourcecode.swift; path = CreateRecipeTableViewController.swift; sourceTree = "<group>"; };
		B1F459DA2601E77E00D269CC /* SelectUserTableViewController.swift */ = {isa = PBXFileReference; lastKnownFileType = sourcecode.swift; path = SelectUserTableViewController.swift; sourceTree = "<group>"; };
		B1F459DD2601FD4200D269CC /* RecipesDetailTableViewController.swift */ = {isa = PBXFileReference; lastKnownFileType = sourcecode.swift; path = RecipesDetailTableViewController.swift; sourceTree = "<group>"; };
		B1F459E72605C13700D269CC /* ShowRecipeCell.xib */ = {isa = PBXFileReference; lastKnownFileType = file.xib; path = ShowRecipeCell.xib; sourceTree = "<group>"; };
		B1F459EA2605C48F00D269CC /* RatingControl.swift */ = {isa = PBXFileReference; lastKnownFileType = sourcecode.swift; path = RatingControl.swift; sourceTree = "<group>"; };
		B1F459EF2605DC9F00D269CC /* ShowRecipeCell.swift */ = {isa = PBXFileReference; lastKnownFileType = sourcecode.swift; path = ShowRecipeCell.swift; sourceTree = "<group>"; };
/* End PBXFileReference section */

/* Begin PBXFrameworksBuildPhase section */
		B17CF30226016D50002F934C /* Frameworks */ = {
			isa = PBXFrameworksBuildPhase;
			buildActionMask = 2147483647;
			files = (
			);
			runOnlyForDeploymentPostprocessing = 0;
		};
/* End PBXFrameworksBuildPhase section */

/* Begin PBXGroup section */
		B17CF2FC26016D50002F934C = {
			isa = PBXGroup;
			children = (
				B17CF30726016D50002F934C /* ShareRecipeiOSApp */,
				B17CF30626016D50002F934C /* Products */,
			);
			sourceTree = "<group>";
		};
		B17CF30626016D50002F934C /* Products */ = {
			isa = PBXGroup;
			children = (
				B17CF30526016D50002F934C /* ShareRecipeiOSApp.app */,
			);
			name = Products;
			sourceTree = "<group>";
		};
		B17CF30726016D50002F934C /* ShareRecipeiOSApp */ = {
			isa = PBXGroup;
			children = (
				B17CF30E26016D50002F934C /* Main.storyboard */,
				B1F459E62605C11600D269CC /* Custom Table Cells */,
				B17CF31E26016D6E002F934C /* Models */,
				B17CF31D26016D64002F934C /* ViewControllers */,
				B17CF31F26016D75002F934C /* Utilities */,
				B17CF32026016D7B002F934C /* Project Files */,
			);
			path = ShareRecipeiOSApp;
			sourceTree = "<group>";
		};
		B17CF31D26016D64002F934C /* ViewControllers */ = {
			isa = PBXGroup;
			children = (
				B17CF32926017172002F934C /* RecipesTableViewController.swift */,
				B1F459D62601E0FE00D269CC /* CreateRecipeTableViewController.swift */,
				B177A7022607326100581013 /* CreateRecipeIngredientsListTableViewController.swift */,
				B1F459DD2601FD4200D269CC /* RecipesDetailTableViewController.swift */,
				B17CF32626017164002F934C /* UsersTableViewController.swift */,
				B1F459D12601BD9700D269CC /* CreateUserTableViewController.swift */,
				B1F459DA2601E77E00D269CC /* SelectUserTableViewController.swift */,
			);
			path = ViewControllers;
			sourceTree = "<group>";
		};
		B17CF31E26016D6E002F934C /* Models */ = {
			isa = PBXGroup;
			children = (
				B17CF32F2601719E002F934C /* User.swift */,
				B17CF32C26017195002F934C /* Recipe.swift */,
				B1F459CE2601A84200D269CC /* CreateRecipeData.swift */,
			);
			path = Models;
			sourceTree = "<group>";
		};
		B17CF31F26016D75002F934C /* Utilities */ = {
			isa = PBXGroup;
			children = (
				B17CF332260173D6002F934C /* ResourceRequest.swift */,
				B1F459C52601923000D269CC /* ResourceRequestError.swift */,
				B1F459C8260193E600D269CC /* ErrorPresenter.swift */,
				B1F459CB2601A75000D269CC /* RecipeRequest.swift */,
			);
			path = Utilities;
			sourceTree = "<group>";
		};
		B17CF32026016D7B002F934C /* Project Files */ = {
			isa = PBXGroup;
			children = (
				B17CF30826016D50002F934C /* AppDelegate.swift */,
				B17CF30A26016D50002F934C /* SceneDelegate.swift */,
				B17CF31326016D52002F934C /* LaunchScreen.storyboard */,
				B17CF31626016D52002F934C /* Info.plist */,
				B17CF31126016D52002F934C /* Assets.xcassets */,
			);
			path = "Project Files";
			sourceTree = "<group>";
		};
		B1F459E62605C11600D269CC /* Custom Table Cells */ = {
			isa = PBXGroup;
			children = (
				B1F459E72605C13700D269CC /* ShowRecipeCell.xib */,
				B1F459EF2605DC9F00D269CC /* ShowRecipeCell.swift */,
				B1F459EA2605C48F00D269CC /* RatingControl.swift */,
			);
			path = "Custom Table Cells";
			sourceTree = "<group>";
		};
/* End PBXGroup section */

/* Begin PBXNativeTarget section */
		B17CF30426016D50002F934C /* ShareRecipeiOSApp */ = {
			isa = PBXNativeTarget;
			buildConfigurationList = B17CF31926016D52002F934C /* Build configuration list for PBXNativeTarget "ShareRecipeiOSApp" */;
			buildPhases = (
				B17CF30126016D50002F934C /* Sources */,
				B17CF30226016D50002F934C /* Frameworks */,
				B17CF30326016D50002F934C /* Resources */,
			);
			buildRules = (
			);
			dependencies = (
			);
			name = ShareRecipeiOSApp;
			productName = ShareRecipeiOSApp;
			productReference = B17CF30526016D50002F934C /* ShareRecipeiOSApp.app */;
			productType = "com.apple.product-type.application";
		};
/* End PBXNativeTarget section */

/* Begin PBXProject section */
		B17CF2FD26016D50002F934C /* Project object */ = {
			isa = PBXProject;
			attributes = {
				LastSwiftUpdateCheck = 1240;
				LastUpgradeCheck = 1240;
				TargetAttributes = {
					B17CF30426016D50002F934C = {
						CreatedOnToolsVersion = 12.4;
					};
				};
			};
			buildConfigurationList = B17CF30026016D50002F934C /* Build configuration list for PBXProject "ShareRecipeiOSApp" */;
			compatibilityVersion = "Xcode 9.3";
			developmentRegion = en;
			hasScannedForEncodings = 0;
			knownRegions = (
				en,
				Base,
			);
			mainGroup = B17CF2FC26016D50002F934C;
			productRefGroup = B17CF30626016D50002F934C /* Products */;
			projectDirPath = "";
			projectRoot = "";
			targets = (
				B17CF30426016D50002F934C /* ShareRecipeiOSApp */,
			);
		};
/* End PBXProject section */

/* Begin PBXResourcesBuildPhase section */
		B17CF30326016D50002F934C /* Resources */ = {
			isa = PBXResourcesBuildPhase;
			buildActionMask = 2147483647;
			files = (
				B1F459E82605C13700D269CC /* ShowRecipeCell.xib in Resources */,
				B17CF31526016D52002F934C /* LaunchScreen.storyboard in Resources */,
				B17CF31226016D52002F934C /* Assets.xcassets in Resources */,
				B17CF31026016D50002F934C /* Main.storyboard in Resources */,
			);
			runOnlyForDeploymentPostprocessing = 0;
		};
/* End PBXResourcesBuildPhase section */

/* Begin PBXSourcesBuildPhase section */
		B17CF30126016D50002F934C /* Sources */ = {
			isa = PBXSourcesBuildPhase;
			buildActionMask = 2147483647;
			files = (
				B1F459C9260193E600D269CC /* ErrorPresenter.swift in Sources */,
				B17CF333260173D6002F934C /* ResourceRequest.swift in Sources */,
				B1F459DB2601E77E00D269CC /* SelectUserTableViewController.swift in Sources */,
				B1F459F02605DCA000D269CC /* ShowRecipeCell.swift in Sources */,
				B1F459CF2601A84200D269CC /* CreateRecipeData.swift in Sources */,
				B1F459DE2601FD4200D269CC /* RecipesDetailTableViewController.swift in Sources */,
				B1F459EB2605C48F00D269CC /* RatingControl.swift in Sources */,
				B17CF30926016D50002F934C /* AppDelegate.swift in Sources */,
				B17CF32726017164002F934C /* UsersTableViewController.swift in Sources */,
				B1F459CC2601A75000D269CC /* RecipeRequest.swift in Sources */,
				B17CF32D26017195002F934C /* Recipe.swift in Sources */,
				B17CF30B26016D50002F934C /* SceneDelegate.swift in Sources */,
				B17CF32A26017172002F934C /* RecipesTableViewController.swift in Sources */,
				B1F459D72601E0FE00D269CC /* CreateRecipeTableViewController.swift in Sources */,
				B177A7032607326100581013 /* CreateRecipeIngredientsListTableViewController.swift in Sources */,
				B1F459D22601BD9700D269CC /* CreateUserTableViewController.swift in Sources */,
				B1F459C62601923000D269CC /* ResourceRequestError.swift in Sources */,
				B17CF3302601719E002F934C /* User.swift in Sources */,
			);
			runOnlyForDeploymentPostprocessing = 0;
		};
/* End PBXSourcesBuildPhase section */

/* Begin PBXVariantGroup section */
		B17CF30E26016D50002F934C /* Main.storyboard */ = {
			isa = PBXVariantGroup;
			children = (
				B17CF30F26016D50002F934C /* Base */,
			);
			name = Main.storyboard;
			sourceTree = "<group>";
		};
		B17CF31326016D52002F934C /* LaunchScreen.storyboard */ = {
			isa = PBXVariantGroup;
			children = (
				B17CF31426016D52002F934C /* Base */,
			);
			name = LaunchScreen.storyboard;
			sourceTree = "<group>";
		};
/* End PBXVariantGroup section */

/* Begin XCBuildConfiguration section */
		B17CF31726016D52002F934C /* Debug */ = {
			isa = XCBuildConfiguration;
			buildSettings = {
				ALWAYS_SEARCH_USER_PATHS = NO;
				CLANG_ANALYZER_NONNULL = YES;
				CLANG_ANALYZER_NUMBER_OBJECT_CONVERSION = YES_AGGRESSIVE;
				CLANG_CXX_LANGUAGE_STANDARD = "gnu++14";
				CLANG_CXX_LIBRARY = "libc++";
				CLANG_ENABLE_MODULES = YES;
				CLANG_ENABLE_OBJC_ARC = YES;
				CLANG_ENABLE_OBJC_WEAK = YES;
				CLANG_WARN_BLOCK_CAPTURE_AUTORELEASING = YES;
				CLANG_WARN_BOOL_CONVERSION = YES;
				CLANG_WARN_COMMA = YES;
				CLANG_WARN_CONSTANT_CONVERSION = YES;
				CLANG_WARN_DEPRECATED_OBJC_IMPLEMENTATIONS = YES;
				CLANG_WARN_DIRECT_OBJC_ISA_USAGE = YES_ERROR;
				CLANG_WARN_DOCUMENTATION_COMMENTS = YES;
				CLANG_WARN_EMPTY_BODY = YES;
				CLANG_WARN_ENUM_CONVERSION = YES;
				CLANG_WARN_INFINITE_RECURSION = YES;
				CLANG_WARN_INT_CONVERSION = YES;
				CLANG_WARN_NON_LITERAL_NULL_CONVERSION = YES;
				CLANG_WARN_OBJC_IMPLICIT_RETAIN_SELF = YES;
				CLANG_WARN_OBJC_LITERAL_CONVERSION = YES;
				CLANG_WARN_OBJC_ROOT_CLASS = YES_ERROR;
				CLANG_WARN_QUOTED_INCLUDE_IN_FRAMEWORK_HEADER = YES;
				CLANG_WARN_RANGE_LOOP_ANALYSIS = YES;
				CLANG_WARN_STRICT_PROTOTYPES = YES;
				CLANG_WARN_SUSPICIOUS_MOVE = YES;
				CLANG_WARN_UNGUARDED_AVAILABILITY = YES_AGGRESSIVE;
				CLANG_WARN_UNREACHABLE_CODE = YES;
				CLANG_WARN__DUPLICATE_METHOD_MATCH = YES;
				COPY_PHASE_STRIP = NO;
				DEBUG_INFORMATION_FORMAT = dwarf;
				ENABLE_STRICT_OBJC_MSGSEND = YES;
				ENABLE_TESTABILITY = YES;
				GCC_C_LANGUAGE_STANDARD = gnu11;
				GCC_DYNAMIC_NO_PIC = NO;
				GCC_NO_COMMON_BLOCKS = YES;
				GCC_OPTIMIZATION_LEVEL = 0;
				GCC_PREPROCESSOR_DEFINITIONS = (
					"DEBUG=1",
					"$(inherited)",
				);
				GCC_WARN_64_TO_32_BIT_CONVERSION = YES;
				GCC_WARN_ABOUT_RETURN_TYPE = YES_ERROR;
				GCC_WARN_UNDECLARED_SELECTOR = YES;
				GCC_WARN_UNINITIALIZED_AUTOS = YES_AGGRESSIVE;
				GCC_WARN_UNUSED_FUNCTION = YES;
				GCC_WARN_UNUSED_VARIABLE = YES;
				IPHONEOS_DEPLOYMENT_TARGET = 14.4;
				MTL_ENABLE_DEBUG_INFO = INCLUDE_SOURCE;
				MTL_FAST_MATH = YES;
				ONLY_ACTIVE_ARCH = YES;
				SDKROOT = iphoneos;
				SWIFT_ACTIVE_COMPILATION_CONDITIONS = DEBUG;
				SWIFT_OPTIMIZATION_LEVEL = "-Onone";
			};
			name = Debug;
		};
		B17CF31826016D52002F934C /* Release */ = {
			isa = XCBuildConfiguration;
			buildSettings = {
				ALWAYS_SEARCH_USER_PATHS = NO;
				CLANG_ANALYZER_NONNULL = YES;
				CLANG_ANALYZER_NUMBER_OBJECT_CONVERSION = YES_AGGRESSIVE;
				CLANG_CXX_LANGUAGE_STANDARD = "gnu++14";
				CLANG_CXX_LIBRARY = "libc++";
				CLANG_ENABLE_MODULES = YES;
				CLANG_ENABLE_OBJC_ARC = YES;
				CLANG_ENABLE_OBJC_WEAK = YES;
				CLANG_WARN_BLOCK_CAPTURE_AUTORELEASING = YES;
				CLANG_WARN_BOOL_CONVERSION = YES;
				CLANG_WARN_COMMA = YES;
				CLANG_WARN_CONSTANT_CONVERSION = YES;
				CLANG_WARN_DEPRECATED_OBJC_IMPLEMENTATIONS = YES;
				CLANG_WARN_DIRECT_OBJC_ISA_USAGE = YES_ERROR;
				CLANG_WARN_DOCUMENTATION_COMMENTS = YES;
				CLANG_WARN_EMPTY_BODY = YES;
				CLANG_WARN_ENUM_CONVERSION = YES;
				CLANG_WARN_INFINITE_RECURSION = YES;
				CLANG_WARN_INT_CONVERSION = YES;
				CLANG_WARN_NON_LITERAL_NULL_CONVERSION = YES;
				CLANG_WARN_OBJC_IMPLICIT_RETAIN_SELF = YES;
				CLANG_WARN_OBJC_LITERAL_CONVERSION = YES;
				CLANG_WARN_OBJC_ROOT_CLASS = YES_ERROR;
				CLANG_WARN_QUOTED_INCLUDE_IN_FRAMEWORK_HEADER = YES;
				CLANG_WARN_RANGE_LOOP_ANALYSIS = YES;
				CLANG_WARN_STRICT_PROTOTYPES = YES;
				CLANG_WARN_SUSPICIOUS_MOVE = YES;
				CLANG_WARN_UNGUARDED_AVAILABILITY = YES_AGGRESSIVE;
				CLANG_WARN_UNREACHABLE_CODE = YES;
				CLANG_WARN__DUPLICATE_METHOD_MATCH = YES;
				COPY_PHASE_STRIP = NO;
				DEBUG_INFORMATION_FORMAT = "dwarf-with-dsym";
				ENABLE_NS_ASSERTIONS = NO;
				ENABLE_STRICT_OBJC_MSGSEND = YES;
				GCC_C_LANGUAGE_STANDARD = gnu11;
				GCC_NO_COMMON_BLOCKS = YES;
				GCC_WARN_64_TO_32_BIT_CONVERSION = YES;
				GCC_WARN_ABOUT_RETURN_TYPE = YES_ERROR;
				GCC_WARN_UNDECLARED_SELECTOR = YES;
				GCC_WARN_UNINITIALIZED_AUTOS = YES_AGGRESSIVE;
				GCC_WARN_UNUSED_FUNCTION = YES;
				GCC_WARN_UNUSED_VARIABLE = YES;
				IPHONEOS_DEPLOYMENT_TARGET = 14.4;
				MTL_ENABLE_DEBUG_INFO = NO;
				MTL_FAST_MATH = YES;
				SDKROOT = iphoneos;
				SWIFT_COMPILATION_MODE = wholemodule;
				SWIFT_OPTIMIZATION_LEVEL = "-O";
				VALIDATE_PRODUCT = YES;
			};
			name = Release;
		};
		B17CF31A26016D52002F934C /* Debug */ = {
			isa = XCBuildConfiguration;
			buildSettings = {
				ASSETCATALOG_COMPILER_APPICON_NAME = AppIcon;
				ASSETCATALOG_COMPILER_GLOBAL_ACCENT_COLOR_NAME = AccentColor;
				CODE_SIGN_STYLE = Automatic;
				DEVELOPMENT_TEAM = HB53MMB2TX;
				INFOPLIST_FILE = "$(SRCROOT)/ShareRecipeiOSApp/Project Files/Info.plist";
				LD_RUNPATH_SEARCH_PATHS = (
					"$(inherited)",
					"@executable_path/Frameworks",
				);
				PRODUCT_BUNDLE_IDENTIFIER = "Cameron-Augustine.ShareRecipeiOSApp";
				PRODUCT_NAME = "$(TARGET_NAME)";
				SWIFT_VERSION = 5.0;
				TARGETED_DEVICE_FAMILY = "1,2";
			};
			name = Debug;
		};
		B17CF31B26016D52002F934C /* Release */ = {
			isa = XCBuildConfiguration;
			buildSettings = {
				ASSETCATALOG_COMPILER_APPICON_NAME = AppIcon;
				ASSETCATALOG_COMPILER_GLOBAL_ACCENT_COLOR_NAME = AccentColor;
				CODE_SIGN_STYLE = Automatic;
				DEVELOPMENT_TEAM = HB53MMB2TX;
				INFOPLIST_FILE = "$(SRCROOT)/ShareRecipeiOSApp/Project Files/Info.plist";
				LD_RUNPATH_SEARCH_PATHS = (
					"$(inherited)",
					"@executable_path/Frameworks",
				);
				PRODUCT_BUNDLE_IDENTIFIER = "Cameron-Augustine.ShareRecipeiOSApp";
				PRODUCT_NAME = "$(TARGET_NAME)";
				SWIFT_VERSION = 5.0;
				TARGETED_DEVICE_FAMILY = "1,2";
			};
			name = Release;
		};
/* End XCBuildConfiguration section */

/* Begin XCConfigurationList section */
		B17CF30026016D50002F934C /* Build configuration list for PBXProject "ShareRecipeiOSApp" */ = {
			isa = XCConfigurationList;
			buildConfigurations = (
				B17CF31726016D52002F934C /* Debug */,
				B17CF31826016D52002F934C /* Release */,
			);
			defaultConfigurationIsVisible = 0;
			defaultConfigurationName = Release;
		};
		B17CF31926016D52002F934C /* Build configuration list for PBXNativeTarget "ShareRecipeiOSApp" */ = {
			isa = XCConfigurationList;
			buildConfigurations = (
				B17CF31A26016D52002F934C /* Debug */,
				B17CF31B26016D52002F934C /* Release */,
			);
			defaultConfigurationIsVisible = 0;
			defaultConfigurationName = Release;
		};
/* End XCConfigurationList section */
	};
	rootObject = B17CF2FD26016D50002F934C /* Project object */;
}
